
Microsoft Visual Studio Solution File, Format Version 12.00
# Visual Studio Version 16
VisualStudioVersion = 16.0.32228.343
MinimumVisualStudioVersion = 10.0.40219.1
Project("{FAE04EC0-301F-11D3-BF4B-00C04F79EFBC}") = "ClassAndRelationship", "ClassAndRelationship\ClassAndRelationship.csproj", "{826DA7B4-467D-4336-9412-354AB73980F8}"
EndProject
Project("{FAE04EC0-301F-11D3-BF4B-00C04F79EFBC}") = "ConsoleTests", "ConsoleTests\ConsoleTests.csproj", "{3E9315E7-3F9D-4F9F-97E0-37A319463893}"
EndProject
Global
	GlobalSection(SolutionConfigurationPlatforms) = preSolution
		Debug|Any CPU = Debug|Any CPU
		Release|Any CPU = Release|Any CPU
	EndGlobalSection
	GlobalSection(ProjectConfigurationPlatforms) = postSolution
		{826DA7B4-467D-4336-9412-354AB73980F8}.Debug|Any CPU.ActiveCfg = Debug|Any CPU
		{826DA7B4-467D-4336-9412-354AB73980F8}.Debug|Any CPU.Build.0 = Debug|Any CPU
		{826DA7B4-467D-4336-9412-354AB73980F8}.Release|Any CPU.ActiveCfg = Release|Any CPU
		{826DA7B4-467D-4336-9412-354AB73980F8}.Release|Any CPU.Build.0 = Release|Any CPU
		{3E9315E7-3F9D-4F9F-97E0-37A319463893}.Debug|Any CPU.ActiveCfg = Debug|Any CPU
		{3E9315E7-3F9D-4F9F-97E0-37A319463893}.Debug|Any CPU.Build.0 = Debug|Any CPU
		{3E9315E7-3F9D-4F9F-97E0-37A319463893}.Release|Any CPU.ActiveCfg = Release|Any CPU
		{3E9315E7-3F9D-4F9F-97E0-37A319463893}.Release|Any CPU.Build.0 = Release|Any CPU
	EndGlobalSection
	GlobalSection(SolutionProperties) = preSolution
		HideSolutionNode = FALSE
	EndGlobalSection
	GlobalSection(ExtensibilityGlobals) = postSolution
		SolutionGuid = {81DAEA5F-5DBD-4973-9A3A-228A82F3867A}
	EndGlobalSection
EndGlobal
